
Microsoft Visual Studio Solution File, Format Version 12.00
# Visual Studio Version 17
VisualStudioVersion = 17.7.34031.279
MinimumVisualStudioVersion = 10.0.40219.1
Project("{9A19103F-16F7-4668-BE54-9A1E7A4F7556}") = "Tarea-1-3", "Tarea-1-3.csproj", "{A50841FC-664D-4C11-850A-FE300B388407}"
EndProject
Global
	GlobalSection(SolutionConfigurationPlatforms) = preSolution
		Debug|Any CPU = Debug|Any CPU
		Release|Any CPU = Release|Any CPU
	EndGlobalSection
	GlobalSection(ProjectConfigurationPlatforms) = postSolution
		{A50841FC-664D-4C11-850A-FE300B388407}.Debug|Any CPU.ActiveCfg = Debug|Any CPU
		{A50841FC-664D-4C11-850A-FE300B388407}.Debug|Any CPU.Build.0 = Debug|Any CPU
		{A50841FC-664D-4C11-850A-FE300B388407}.Debug|Any CPU.Deploy.0 = Debug|Any CPU
		{A50841FC-664D-4C11-850A-FE300B388407}.Release|Any CPU.ActiveCfg = Release|Any CPU
		{A50841FC-664D-4C11-850A-FE300B388407}.Release|Any CPU.Build.0 = Release|Any CPU
		{A50841FC-664D-4C11-850A-FE300B388407}.Release|Any CPU.Deploy.0 = Release|Any CPU
	EndGlobalSection
	GlobalSection(SolutionProperties) = preSolution
		HideSolutionNode = FALSE
	EndGlobalSection
	GlobalSection(ExtensibilityGlobals) = postSolution
		SolutionGuid = {5406E296-D6F9-4945-85E1-FC90A57CCF9B}
	EndGlobalSection
EndGlobal
